
Microsoft Visual Studio Solution File, Format Version 12.00
# Visual Studio 15
VisualStudioVersion = 15.0.27428.1
MinimumVisualStudioVersion = 10.0.40219.1
Project("{FAE04EC0-301F-11D3-BF4B-00C04F79EFBC}") = "lemberg", "lemberg\lemberg.csproj", "{B9072396-2675-44D5-81EE-20B32BCA394C}"
EndProject
Global
	GlobalSection(SolutionConfigurationPlatforms) = preSolution
		Debug|Any CPU = Debug|Any CPU
		Release|Any CPU = Release|Any CPU
	EndGlobalSection
	GlobalSection(ProjectConfigurationPlatforms) = postSolution
		{B9072396-2675-44D5-81EE-20B32BCA394C}.Debug|Any CPU.ActiveCfg = Debug|Any CPU
		{B9072396-2675-44D5-81EE-20B32BCA394C}.Debug|Any CPU.Build.0 = Debug|Any CPU
		{B9072396-2675-44D5-81EE-20B32BCA394C}.Release|Any CPU.ActiveCfg = Release|Any CPU
		{B9072396-2675-44D5-81EE-20B32BCA394C}.Release|Any CPU.Build.0 = Release|Any CPU
	EndGlobalSection
	GlobalSection(SolutionProperties) = preSolution
		HideSolutionNode = FALSE
	EndGlobalSection
	GlobalSection(ExtensibilityGlobals) = postSolution
		SolutionGuid = {3C2346FE-8623-4F65-85B4-146EB8A78DEC}
	EndGlobalSection
EndGlobal
